{
    "_meta": {
        "hash": {
            "sha256": "460738decdbf68f6df8fdc04003f539ca6c7896160ecaeb77eea167e9f0b9d83"
        },
        "pipfile-spec": 6,
        "requires": {
            "python_version": "3.9"
        },
        "sources": [
            {
                "name": "pip_conf_index_global",
                "url": "https://pypi.tuna.tsinghua.edu.cn/simple",
                "verify_ssl": true
            }
        ]
    },
    "default": {},
    "develop": {}
}
